
Microsoft Visual Studio Solution File, Format Version 12.00
# Visual Studio 15
VisualStudioVersion = 15.0.27428.2011
MinimumVisualStudioVersion = 10.0.40219.1
Project("{FAE04EC0-301F-11D3-BF4B-00C04F79EFBC}") = "Serial_Graphing", "Serial_Graphing\Serial_Graphing.csproj", "{E8196147-2F85-46FF-A72B-CC56174840E7}"
EndProject
Global
	GlobalSection(SolutionConfigurationPlatforms) = preSolution
		Debug|Any CPU = Debug|Any CPU
		Release|Any CPU = Release|Any CPU
	EndGlobalSection
	GlobalSection(ProjectConfigurationPlatforms) = postSolution
		{E8196147-2F85-46FF-A72B-CC56174840E7}.Debug|Any CPU.ActiveCfg = Debug|Any CPU
		{E8196147-2F85-46FF-A72B-CC56174840E7}.Debug|Any CPU.Build.0 = Debug|Any CPU
		{E8196147-2F85-46FF-A72B-CC56174840E7}.Release|Any CPU.ActiveCfg = Release|Any CPU
		{E8196147-2F85-46FF-A72B-CC56174840E7}.Release|Any CPU.Build.0 = Release|Any CPU
	EndGlobalSection
	GlobalSection(SolutionProperties) = preSolution
		HideSolutionNode = FALSE
	EndGlobalSection
	GlobalSection(ExtensibilityGlobals) = postSolution
		SolutionGuid = {7DEA9430-68C0-470B-839B-B4D3DC3A8931}
	EndGlobalSection
EndGlobal
