
Microsoft Visual Studio Solution File, Format Version 12.00
# Visual Studio 15
VisualStudioVersion = 15.0.27428.2011
MinimumVisualStudioVersion = 10.0.40219.1
Project("{8BC9CEB8-8B4A-11D0-8D11-00A0C91BC942}") = "OpenGraphicsLibrary", "OpenGraphicsLibrary\OpenGraphicsLibrary.vcxproj", "{53E265FC-FDA0-409C-8B81-02602F50B261}"
EndProject
Global
	GlobalSection(SolutionConfigurationPlatforms) = preSolution
		Debug|x64 = Debug|x64
		Debug|x86 = Debug|x86
		Release|x64 = Release|x64
		Release|x86 = Release|x86
	EndGlobalSection
	GlobalSection(ProjectConfigurationPlatforms) = postSolution
		{53E265FC-FDA0-409C-8B81-02602F50B261}.Debug|x64.ActiveCfg = Debug|x64
		{53E265FC-FDA0-409C-8B81-02602F50B261}.Debug|x64.Build.0 = Debug|x64
		{53E265FC-FDA0-409C-8B81-02602F50B261}.Debug|x86.ActiveCfg = Debug|Win32
		{53E265FC-FDA0-409C-8B81-02602F50B261}.Debug|x86.Build.0 = Debug|Win32
		{53E265FC-FDA0-409C-8B81-02602F50B261}.Release|x64.ActiveCfg = Release|x64
		{53E265FC-FDA0-409C-8B81-02602F50B261}.Release|x64.Build.0 = Release|x64
		{53E265FC-FDA0-409C-8B81-02602F50B261}.Release|x86.ActiveCfg = Release|Win32
		{53E265FC-FDA0-409C-8B81-02602F50B261}.Release|x86.Build.0 = Release|Win32
	EndGlobalSection
	GlobalSection(SolutionProperties) = preSolution
		HideSolutionNode = FALSE
	EndGlobalSection
	GlobalSection(ExtensibilityGlobals) = postSolution
		SolutionGuid = {D0B614C0-0827-4B0D-AAE6-57A253E22395}
	EndGlobalSection
EndGlobal
